
Microsoft Visual Studio Solution File, Format Version 12.00
# Visual Studio Version 17
VisualStudioVersion = 17.7.34009.444
MinimumVisualStudioVersion = 10.0.40219.1
Project("{FAE04EC0-301F-11D3-BF4B-00C04F79EFBC}") = "SampleSvelteNET.Api", "SampleSvelteNET.Api\SampleSvelteNET.Api.csproj", "{37E48546-8BF4-46AC-893B-04514FA0CFDB}"
EndProject
Project("{FAE04EC0-301F-11D3-BF4B-00C04F79EFBC}") = "SampleSvelteNET.Application", "SampleSvelteNET.Application\SampleSvelteNET.Application.csproj", "{B32CEF49-62CA-4DCF-86B1-120EDFBA7591}"
EndProject
Project("{FAE04EC0-301F-11D3-BF4B-00C04F79EFBC}") = "SampleSvelteNET.Domain", "SampleSvelteNET.Domain\SampleSvelteNET.Domain.csproj", "{13521830-06B8-4F29-87A7-04420350152A}"
EndProject
Project("{FAE04EC0-301F-11D3-BF4B-00C04F79EFBC}") = "SampleSvelteNET.Infrastructure", "SampleSvelteNET.Infrastructure\SampleSvelteNET.Infrastructure.csproj", "{2400E272-196F-411D-8949-F4793F52C445}"
EndProject
Global
	GlobalSection(SolutionConfigurationPlatforms) = preSolution
		Debug|Any CPU = Debug|Any CPU
		Release|Any CPU = Release|Any CPU
	EndGlobalSection
	GlobalSection(ProjectConfigurationPlatforms) = postSolution
		{37E48546-8BF4-46AC-893B-04514FA0CFDB}.Debug|Any CPU.ActiveCfg = Debug|Any CPU
		{37E48546-8BF4-46AC-893B-04514FA0CFDB}.Debug|Any CPU.Build.0 = Debug|Any CPU
		{37E48546-8BF4-46AC-893B-04514FA0CFDB}.Release|Any CPU.ActiveCfg = Release|Any CPU
		{37E48546-8BF4-46AC-893B-04514FA0CFDB}.Release|Any CPU.Build.0 = Release|Any CPU
		{B32CEF49-62CA-4DCF-86B1-120EDFBA7591}.Debug|Any CPU.ActiveCfg = Debug|Any CPU
		{B32CEF49-62CA-4DCF-86B1-120EDFBA7591}.Debug|Any CPU.Build.0 = Debug|Any CPU
		{B32CEF49-62CA-4DCF-86B1-120EDFBA7591}.Release|Any CPU.ActiveCfg = Release|Any CPU
		{B32CEF49-62CA-4DCF-86B1-120EDFBA7591}.Release|Any CPU.Build.0 = Release|Any CPU
		{13521830-06B8-4F29-87A7-04420350152A}.Debug|Any CPU.ActiveCfg = Debug|Any CPU
		{13521830-06B8-4F29-87A7-04420350152A}.Debug|Any CPU.Build.0 = Debug|Any CPU
		{13521830-06B8-4F29-87A7-04420350152A}.Release|Any CPU.ActiveCfg = Release|Any CPU
		{13521830-06B8-4F29-87A7-04420350152A}.Release|Any CPU.Build.0 = Release|Any CPU
		{2400E272-196F-411D-8949-F4793F52C445}.Debug|Any CPU.ActiveCfg = Debug|Any CPU
		{2400E272-196F-411D-8949-F4793F52C445}.Debug|Any CPU.Build.0 = Debug|Any CPU
		{2400E272-196F-411D-8949-F4793F52C445}.Release|Any CPU.ActiveCfg = Release|Any CPU
		{2400E272-196F-411D-8949-F4793F52C445}.Release|Any CPU.Build.0 = Release|Any CPU
	EndGlobalSection
	GlobalSection(SolutionProperties) = preSolution
		HideSolutionNode = FALSE
	EndGlobalSection
	GlobalSection(ExtensibilityGlobals) = postSolution
		SolutionGuid = {383F962A-25CF-441D-B62F-F46A8C4E4CBD}
	EndGlobalSection
EndGlobal
